
Microsoft Visual Studio Solution File, Format Version 12.00
# Visual Studio Version 17
VisualStudioVersion = 17.7.34202.233
MinimumVisualStudioVersion = 10.0.40219.1
Project("{FAE04EC0-301F-11D3-BF4B-00C04F79EFBC}") = "ConversorDeTempo", "ConversorDeTempo\ConversorDeTempo.csproj", "{D9219BBE-7BD7-4B6E-9A45-C1552C4048DD}"
EndProject
Global
	GlobalSection(SolutionConfigurationPlatforms) = preSolution
		Debug|Any CPU = Debug|Any CPU
		Release|Any CPU = Release|Any CPU
	EndGlobalSection
	GlobalSection(ProjectConfigurationPlatforms) = postSolution
		{D9219BBE-7BD7-4B6E-9A45-C1552C4048DD}.Debug|Any CPU.ActiveCfg = Debug|Any CPU
		{D9219BBE-7BD7-4B6E-9A45-C1552C4048DD}.Debug|Any CPU.Build.0 = Debug|Any CPU
		{D9219BBE-7BD7-4B6E-9A45-C1552C4048DD}.Release|Any CPU.ActiveCfg = Release|Any CPU
		{D9219BBE-7BD7-4B6E-9A45-C1552C4048DD}.Release|Any CPU.Build.0 = Release|Any CPU
	EndGlobalSection
	GlobalSection(SolutionProperties) = preSolution
		HideSolutionNode = FALSE
	EndGlobalSection
	GlobalSection(ExtensibilityGlobals) = postSolution
		SolutionGuid = {30C22286-4AF7-4C27-B176-AE2B00D55CB2}
	EndGlobalSection
EndGlobal
